
Microsoft Visual Studio Solution File, Format Version 12.00
# Visual Studio Version 17
VisualStudioVersion = 17.9.34728.123
MinimumVisualStudioVersion = 10.0.40219.1
Project("{FAE04EC0-301F-11D3-BF4B-00C04F79EFBC}") = "EcommereceWebAPI", "EcommereceWebAPI\EcommereceWebAPI.csproj", "{1D6B8CBD-F1B0-47EB-9AFC-816966D93927}"
EndProject
Global
	GlobalSection(SolutionConfigurationPlatforms) = preSolution
		Debug|Any CPU = Debug|Any CPU
		Release|Any CPU = Release|Any CPU
	EndGlobalSection
	GlobalSection(ProjectConfigurationPlatforms) = postSolution
		{1D6B8CBD-F1B0-47EB-9AFC-816966D93927}.Debug|Any CPU.ActiveCfg = Debug|Any CPU
		{1D6B8CBD-F1B0-47EB-9AFC-816966D93927}.Debug|Any CPU.Build.0 = Debug|Any CPU
		{1D6B8CBD-F1B0-47EB-9AFC-816966D93927}.Release|Any CPU.ActiveCfg = Release|Any CPU
		{1D6B8CBD-F1B0-47EB-9AFC-816966D93927}.Release|Any CPU.Build.0 = Release|Any CPU
	EndGlobalSection
	GlobalSection(SolutionProperties) = preSolution
		HideSolutionNode = FALSE
	EndGlobalSection
	GlobalSection(ExtensibilityGlobals) = postSolution
		SolutionGuid = {47338DD1-E1D7-4707-BC2C-DF23E5E5913E}
	EndGlobalSection
EndGlobal
